
Microsoft Visual Studio Solution File, Format Version 12.00
# Visual Studio Version 16
VisualStudioVersion = 16.0.33027.164
MinimumVisualStudioVersion = 10.0.40219.1
Project("{8BC9CEB8-8B4A-11D0-8D11-00A0C91BC942}") = "OOP_DZ_2_1", "OOP_DZ_2_1\OOP_DZ_2_1.vcxproj", "{62FCBBD3-602D-4E08-972D-B408FAF085C5}"
EndProject
Global
	GlobalSection(SolutionConfigurationPlatforms) = preSolution
		Debug|x64 = Debug|x64
		Debug|x86 = Debug|x86
		Release|x64 = Release|x64
		Release|x86 = Release|x86
	EndGlobalSection
	GlobalSection(ProjectConfigurationPlatforms) = postSolution
		{62FCBBD3-602D-4E08-972D-B408FAF085C5}.Debug|x64.ActiveCfg = Debug|x64
		{62FCBBD3-602D-4E08-972D-B408FAF085C5}.Debug|x64.Build.0 = Debug|x64
		{62FCBBD3-602D-4E08-972D-B408FAF085C5}.Debug|x86.ActiveCfg = Debug|Win32
		{62FCBBD3-602D-4E08-972D-B408FAF085C5}.Debug|x86.Build.0 = Debug|Win32
		{62FCBBD3-602D-4E08-972D-B408FAF085C5}.Release|x64.ActiveCfg = Release|x64
		{62FCBBD3-602D-4E08-972D-B408FAF085C5}.Release|x64.Build.0 = Release|x64
		{62FCBBD3-602D-4E08-972D-B408FAF085C5}.Release|x86.ActiveCfg = Release|Win32
		{62FCBBD3-602D-4E08-972D-B408FAF085C5}.Release|x86.Build.0 = Release|Win32
	EndGlobalSection
	GlobalSection(SolutionProperties) = preSolution
		HideSolutionNode = FALSE
	EndGlobalSection
	GlobalSection(ExtensibilityGlobals) = postSolution
		SolutionGuid = {1027E7FA-7BF0-4E1F-A365-4098DB69945F}
	EndGlobalSection
EndGlobal
